
Microsoft Visual Studio Solution File, Format Version 12.00
# Visual Studio Version 17
VisualStudioVersion = 17.9.34607.119
MinimumVisualStudioVersion = 10.0.40219.1
Project("{FAE04EC0-301F-11D3-BF4B-00C04F79EFBC}") = "lab1ex5", "lab1ex5\lab1ex5.csproj", "{634ADF46-955D-4D8C-9DC4-0D6D40068C59}"
EndProject
Global
	GlobalSection(SolutionConfigurationPlatforms) = preSolution
		Debug|Any CPU = Debug|Any CPU
		Release|Any CPU = Release|Any CPU
	EndGlobalSection
	GlobalSection(ProjectConfigurationPlatforms) = postSolution
		{634ADF46-955D-4D8C-9DC4-0D6D40068C59}.Debug|Any CPU.ActiveCfg = Debug|Any CPU
		{634ADF46-955D-4D8C-9DC4-0D6D40068C59}.Debug|Any CPU.Build.0 = Debug|Any CPU
		{634ADF46-955D-4D8C-9DC4-0D6D40068C59}.Release|Any CPU.ActiveCfg = Release|Any CPU
		{634ADF46-955D-4D8C-9DC4-0D6D40068C59}.Release|Any CPU.Build.0 = Release|Any CPU
	EndGlobalSection
	GlobalSection(SolutionProperties) = preSolution
		HideSolutionNode = FALSE
	EndGlobalSection
	GlobalSection(ExtensibilityGlobals) = postSolution
		SolutionGuid = {5C0FD5EC-6FBA-4301-8A14-5D9371F805C1}
	EndGlobalSection
EndGlobal
